
Microsoft Visual Studio Solution File, Format Version 12.00
# Visual Studio Version 16
VisualStudioVersion = 16.0.30413.136
MinimumVisualStudioVersion = 10.0.40219.1
Project("{9A19103F-16F7-4668-BE54-9A1E7A4F7556}") = "TCE_API", "TCE_API\TCE_API.csproj", "{01645128-60B6-4F26-A5B0-71C3CE799013}"
EndProject
Project("{FAE04EC0-301F-11D3-BF4B-00C04F79EFBC}") = "TCE_DOMAIN", "TCE_DOMAIN\TCE_DOMAIN.csproj", "{6DB265B4-A7D4-418C-BAA3-48C13E4CB6C2}"
EndProject
Global
	GlobalSection(SolutionConfigurationPlatforms) = preSolution
		Debug|Any CPU = Debug|Any CPU
		Release|Any CPU = Release|Any CPU
	EndGlobalSection
	GlobalSection(ProjectConfigurationPlatforms) = postSolution
		{01645128-60B6-4F26-A5B0-71C3CE799013}.Debug|Any CPU.ActiveCfg = Debug|Any CPU
		{01645128-60B6-4F26-A5B0-71C3CE799013}.Debug|Any CPU.Build.0 = Debug|Any CPU
		{01645128-60B6-4F26-A5B0-71C3CE799013}.Release|Any CPU.ActiveCfg = Release|Any CPU
		{01645128-60B6-4F26-A5B0-71C3CE799013}.Release|Any CPU.Build.0 = Release|Any CPU
		{6DB265B4-A7D4-418C-BAA3-48C13E4CB6C2}.Debug|Any CPU.ActiveCfg = Debug|Any CPU
		{6DB265B4-A7D4-418C-BAA3-48C13E4CB6C2}.Debug|Any CPU.Build.0 = Debug|Any CPU
		{6DB265B4-A7D4-418C-BAA3-48C13E4CB6C2}.Release|Any CPU.ActiveCfg = Release|Any CPU
		{6DB265B4-A7D4-418C-BAA3-48C13E4CB6C2}.Release|Any CPU.Build.0 = Release|Any CPU
	EndGlobalSection
	GlobalSection(SolutionProperties) = preSolution
		HideSolutionNode = FALSE
	EndGlobalSection
	GlobalSection(ExtensibilityGlobals) = postSolution
		SolutionGuid = {221E7919-B292-42E9-9E7C-E44460C6CBFE}
	EndGlobalSection
EndGlobal
